<?xml version="1.0" encoding="utf-8"?>
<Project ToolsVersion="4.0" xmlns="http://schemas.microsoft.com/developer/msbuild/2003">
  <ItemGroup>
    <Filter Include="소스 파일">
      <UniqueIdentifier>{4FC737F1-C7A5-4376-A066-2A32D752A2FF}</UniqueIdentifier>
      <Extensions>cpp;c;cc;cxx;c++;cppm;ixx;def;odl;idl;hpj;bat;asm;asmx</Extensions>
    </Filter>
    <Filter Include="헤더 파일">
      <UniqueIdentifier>{93995380-89BD-4b04-88EB-625FBE52EBFB}</UniqueIdentifier>
      <Extensions>h;hh;hpp;hxx;h++;hm;inl;inc;ipp;xsd</Extensions>
    </Filter>
    <Filter Include="리소스 파일">
      <UniqueIdentifier>{67DA6AB6-F800-4c08-8B7A-83BB121AAD01}</UniqueIdentifier>
      <Extensions>rc;ico;cur;bmp;dlg;rc2;rct;bin;rgs;gif;jpg;jpeg;jpe;resx;tiff;tif;png;wav;mfcribbon-ms</Extensions>
    </Filter>
    <Filter Include="Test">
      <UniqueIdentifier>{1d76f115-c85d-41e4-bd5c-c8f6571cf22b}</UniqueIdentifier>
    </Filter>
    <Filter Include="Test\internal">
      <UniqueIdentifier>{9da6512e-741d-4b62-b74f-f9ad1b01dcb0}</UniqueIdentifier>
    </Filter>
    <Filter Include="Test\internal\include">
      <UniqueIdentifier>{8f3b8668-d74b-4294-8b76-d7334bf6119e}</UniqueIdentifier>
    </Filter>
    <Filter Include="Test\docs">
      <UniqueIdentifier>{a52414c9-81e7-47c1-a383-e3452d0c0b6c}</UniqueIdentifier>
    </Filter>
    <Filter Include="Test\internal\src">
      <UniqueIdentifier>{9c7eb6c4-aeff-4a1d-817a-56bbc055c3af}</UniqueIdentifier>
    </Filter>
  </ItemGroup>
  <ItemGroup>
    <ClInclude Include="include\ss_core.hpp">
      <Filter>헤더 파일</Filter>
    </ClInclude>
    <ClInclude Include="include\ss_token.hpp">
      <Filter>헤더 파일</Filter>
    </ClInclude>
    <ClInclude Include="include\ss_value.hpp">
      <Filter>헤더 파일</Filter>
    </ClInclude>
    <ClInclude Include="include\ss_vm.hpp">
      <Filter>헤더 파일</Filter>
    </ClInclude>
    <ClInclude Include="include\ss_ast.hpp">
      <Filter>헤더 파일</Filter>
    </ClInclude>
    <ClInclude Include="include\ss_lexer.hpp">
      <Filter>헤더 파일</Filter>
    </ClInclude>
    <ClInclude Include="include\ss_parser.hpp">
      <Filter>헤더 파일</Filter>
    </ClInclude>
    <ClInclude Include="include\ss_chunk.hpp">
      <Filter>헤더 파일</Filter>
    </ClInclude>
    <ClInclude Include="include\ss_compiler.hpp">
      <Filter>헤더 파일</Filter>
    </ClInclude>
    <ClInclude Include="include\ss_type_checker.hpp">
      <Filter>헤더 파일</Filter>
    </ClInclude>
    <ClInclude Include="test\test_helpers.hpp">
      <Filter>Test\internal\include</Filter>
    </ClInclude>
    <ClInclude Include="test\QUICK_REFERENCE.hpp">
      <Filter>Test\docs</Filter>
    </ClInclude>
    <ClInclude Include="test\EXAMPLES_test_helpers.hpp">
      <Filter>Test\internal\include</Filter>
    </ClInclude>
    <ClInclude Include="test\test_all_tests.hpp">
      <Filter>Test\internal\include</Filter>
    </ClInclude>
  </ItemGroup>
  <ItemGroup>
    <ClCompile Include="src\ss_core.cpp">
      <Filter>소스 파일</Filter>
    </ClCompile>
    <ClCompile Include="src\ss_token.cpp">
      <Filter>소스 파일</Filter>
    </ClCompile>
    <ClCompile Include="src\ss_value.cpp">
      <Filter>소스 파일</Filter>
    </ClCompile>
    <ClCompile Include="src\ss_vm.cpp">
      <Filter>소스 파일</Filter>
    </ClCompile>
    <ClCompile Include="src\ss_lexer.cpp">
      <Filter>소스 파일</Filter>
    </ClCompile>
    <ClCompile Include="src\ss_parser.cpp">
      <Filter>소스 파일</Filter>
    </ClCompile>
    <ClCompile Include="src\ss_compiler.cpp">
      <Filter>소스 파일</Filter>
    </ClCompile>
    <ClCompile Include="src\ss_chunk.cpp">
      <Filter>소스 파일</Filter>
    </ClCompile>
    <ClCompile Include="src\ss_type_checker.cpp">
      <Filter>소스 파일</Filter>
    </ClCompile>
    <ClCompile Include="test\test_basic.cpp">
      <Filter>Test\internal\src</Filter>
    </ClCompile>
    <ClCompile Include="test\test_class.cpp">
      <Filter>Test\internal\src</Filter>
    </ClCompile>
    <ClCompile Include="test\test_closure.cpp">
      <Filter>Test\internal\src</Filter>
    </ClCompile>
    <ClCompile Include="test\test_helpers_example.cpp">
      <Filter>Test\internal\src</Filter>
    </ClCompile>
    <ClCompile Include="test\test_import.cpp">
      <Filter>Test\internal\src</Filter>
    </ClCompile>
    <ClCompile Include="test\test_new_features.cpp">
      <Filter>Test\internal\src</Filter>
    </ClCompile>
    <ClCompile Include="test\test_new_features_simple.cpp">
      <Filter>Test\internal\src</Filter>
    </ClCompile>
    <ClCompile Include="test\test_object.cpp">
      <Filter>Test\internal\src</Filter>
    </ClCompile>
    <ClCompile Include="test\test_optional.cpp">
      <Filter>Test\internal\src</Filter>
    </ClCompile>
    <ClCompile Include="test\test_simple.cpp">
      <Filter>Test\internal\src</Filter>
    </ClCompile>
    <ClCompile Include="test\test_struct.cpp">
      <Filter>Test\internal\src</Filter>
    </ClCompile>
    <ClCompile Include="test\test_switch.cpp">
      <Filter>Test\internal\src</Filter>
    </ClCompile>
    <ClCompile Include="test\test_gtest.cpp">
      <Filter>Test\internal</Filter>
    </ClCompile>
    <ClCompile Include="test\test_protocol.cpp">
      <Filter>Test\internal\src</Filter>
    </ClCompile>
    <ClCompile Include="test\test_enum.cpp">
      <Filter>Test\internal\src</Filter>
    </ClCompile>
    <ClCompile Include="test\test_extension.cpp">
      <Filter>Test\internal\src</Filter>
    </ClCompile>
    <ClCompile Include="test\test_minimal.cpp">
      <Filter>Test\internal\src</Filter>
    </ClCompile>
    <ClCompile Include="test\test_phase1.cpp">
      <Filter>Test\internal\src</Filter>
    </ClCompile>
  </ItemGroup>
  <ItemGroup>
    <None Include="test\build.sh" />
    <None Include="test\build.bat">
      <Filter>리소스 파일</Filter>
    </None>
    <None Include="test\DEBUGHELPER_SUMMARY_KR.md">
      <Filter>Test\docs</Filter>
    </None>
    <None Include="test\TEST_FRAMEWORK_README.md">
      <Filter>Test\docs</Filter>
    </None>
    <None Include="docs\enum-implementation-status.md">
      <Filter>Test\docs</Filter>
    </None>
    <None Include="docs\protocol-implementation.md">
      <Filter>Test\docs</Filter>
    </None>
    <None Include="test\MIGRATION_GUIDE.md">
      <Filter>Test\docs</Filter>
    </None>
    <None Include="test\QUICKSTART.md">
      <Filter>Test\docs</Filter>
    </None>
    <None Include="test\README_TESTS.md">
      <Filter>Test\docs</Filter>
    </None>
    <None Include="test\SUMMARY.md">
      <Filter>Test\docs</Filter>
    </None>
    <None Include="test\CHECKLIST.md">
      <Filter>Test\docs</Filter>
    </None>
    <None Include="test_extension_simple.ss" />
    <None Include="test_ext1.ss" />
    <None Include="test_computed_ext.ss" />
    <None Include="test_struct_prop_assign.ss" />
  </ItemGroup>
  <ItemGroup>
    <Text Include="test\CMakeLists.txt" />
    <Text Include="testlog.txt">
      <Filter>리소스 파일</Filter>
    </Text>
  </ItemGroup>
</Project>
